
Microsoft Visual Studio Solution File, Format Version 12.00
# Visual Studio Version 16
VisualStudioVersion = 16.0.30011.22
MinimumVisualStudioVersion = 10.0.40219.1
Project("{FAE04EC0-301F-11D3-BF4B-00C04F79EFBC}") = "RLCompVisualizer", "RLCompVisualizer\RLCompVisualizer.csproj", "{AF08FC02-ED54-4370-9A1F-F10FE51B59C4}"
EndProject
Project("{FAE04EC0-301F-11D3-BF4B-00C04F79EFBC}") = "RLCompVisualizerWPF", "RLCompVisualizerWPF\RLCompVisualizerWPF.csproj", "{2F9443DC-ED58-438C-9F69-AA634956BB25}"
EndProject
Global
	GlobalSection(SolutionConfigurationPlatforms) = preSolution
		Debug|Any CPU = Debug|Any CPU
		Release|Any CPU = Release|Any CPU
	EndGlobalSection
	GlobalSection(ProjectConfigurationPlatforms) = postSolution
		{AF08FC02-ED54-4370-9A1F-F10FE51B59C4}.Debug|Any CPU.ActiveCfg = Debug|Any CPU
		{AF08FC02-ED54-4370-9A1F-F10FE51B59C4}.Debug|Any CPU.Build.0 = Debug|Any CPU
		{AF08FC02-ED54-4370-9A1F-F10FE51B59C4}.Release|Any CPU.ActiveCfg = Release|Any CPU
		{AF08FC02-ED54-4370-9A1F-F10FE51B59C4}.Release|Any CPU.Build.0 = Release|Any CPU
		{2F9443DC-ED58-438C-9F69-AA634956BB25}.Debug|Any CPU.ActiveCfg = Debug|Any CPU
		{2F9443DC-ED58-438C-9F69-AA634956BB25}.Debug|Any CPU.Build.0 = Debug|Any CPU
		{2F9443DC-ED58-438C-9F69-AA634956BB25}.Release|Any CPU.ActiveCfg = Release|Any CPU
		{2F9443DC-ED58-438C-9F69-AA634956BB25}.Release|Any CPU.Build.0 = Release|Any CPU
	EndGlobalSection
	GlobalSection(SolutionProperties) = preSolution
		HideSolutionNode = FALSE
	EndGlobalSection
	GlobalSection(ExtensibilityGlobals) = postSolution
		SolutionGuid = {8CF9D775-104B-4601-A7A1-988CB1A0B200}
	EndGlobalSection
EndGlobal
